
Microsoft Visual Studio Solution File, Format Version 12.00
# Visual Studio 15
VisualStudioVersion = 15.0.27703.2035
MinimumVisualStudioVersion = 10.0.40219.1
Project("{888888A0-9F3D-457C-B088-3A5042F75D52}") = "API_BDD_Test", "API_BDD_Test\API_BDD_Test.pyproj", "{01DD027A-3BA2-49E5-8C49-D395FD92A1BE}"
EndProject
Global
	GlobalSection(SolutionConfigurationPlatforms) = preSolution
		Debug|Any CPU = Debug|Any CPU
		Release|Any CPU = Release|Any CPU
	EndGlobalSection
	GlobalSection(ProjectConfigurationPlatforms) = postSolution
		{01DD027A-3BA2-49E5-8C49-D395FD92A1BE}.Debug|Any CPU.ActiveCfg = Debug|Any CPU
		{01DD027A-3BA2-49E5-8C49-D395FD92A1BE}.Release|Any CPU.ActiveCfg = Release|Any CPU
	EndGlobalSection
	GlobalSection(SolutionProperties) = preSolution
		HideSolutionNode = FALSE
	EndGlobalSection
	GlobalSection(ExtensibilityGlobals) = postSolution
		SolutionGuid = {303AC828-D5F9-4163-8F82-8EC6E3E76EB9}
	EndGlobalSection
EndGlobal
